
Microsoft Visual Studio Solution File, Format Version 12.00
# Visual Studio Version 16
VisualStudioVersion = 16.0.29911.84
MinimumVisualStudioVersion = 10.0.40219.1
Project("{FAE04EC0-301F-11D3-BF4B-00C04F79EFBC}") = "Entities", "Entities\Entities.csproj", "{11E3555F-FA61-4F2C-9664-639A467470A8}"
EndProject
Project("{FAE04EC0-301F-11D3-BF4B-00C04F79EFBC}") = "DataAccess", "DataAccess\DataAccess.csproj", "{E4860BFE-AD37-4412-A1FA-E81CCD7828E7}"
EndProject
Project("{FAE04EC0-301F-11D3-BF4B-00C04F79EFBC}") = "Business", "Business\Business.csproj", "{DE29CD0B-78A8-4983-81A9-854290844BD2}"
EndProject
Project("{FAE04EC0-301F-11D3-BF4B-00C04F79EFBC}") = "Core", "Core\Core.csproj", "{72361B10-A284-4090-9BE7-FF57F3212F90}"
EndProject
Project("{FAE04EC0-301F-11D3-BF4B-00C04F79EFBC}") = "WebAPI", "WebAPI\WebAPI.csproj", "{7BC940D7-079C-4183-9F6C-C1FAF23964EE}"
EndProject
Global
	GlobalSection(SolutionConfigurationPlatforms) = preSolution
		Debug|Any CPU = Debug|Any CPU
		Release|Any CPU = Release|Any CPU
	EndGlobalSection
	GlobalSection(ProjectConfigurationPlatforms) = postSolution
		{11E3555F-FA61-4F2C-9664-639A467470A8}.Debug|Any CPU.ActiveCfg = Debug|Any CPU
		{11E3555F-FA61-4F2C-9664-639A467470A8}.Debug|Any CPU.Build.0 = Debug|Any CPU
		{11E3555F-FA61-4F2C-9664-639A467470A8}.Release|Any CPU.ActiveCfg = Release|Any CPU
		{11E3555F-FA61-4F2C-9664-639A467470A8}.Release|Any CPU.Build.0 = Release|Any CPU
		{E4860BFE-AD37-4412-A1FA-E81CCD7828E7}.Debug|Any CPU.ActiveCfg = Debug|Any CPU
		{E4860BFE-AD37-4412-A1FA-E81CCD7828E7}.Debug|Any CPU.Build.0 = Debug|Any CPU
		{E4860BFE-AD37-4412-A1FA-E81CCD7828E7}.Release|Any CPU.ActiveCfg = Release|Any CPU
		{E4860BFE-AD37-4412-A1FA-E81CCD7828E7}.Release|Any CPU.Build.0 = Release|Any CPU
		{DE29CD0B-78A8-4983-81A9-854290844BD2}.Debug|Any CPU.ActiveCfg = Debug|Any CPU
		{DE29CD0B-78A8-4983-81A9-854290844BD2}.Debug|Any CPU.Build.0 = Debug|Any CPU
		{DE29CD0B-78A8-4983-81A9-854290844BD2}.Release|Any CPU.ActiveCfg = Release|Any CPU
		{DE29CD0B-78A8-4983-81A9-854290844BD2}.Release|Any CPU.Build.0 = Release|Any CPU
		{72361B10-A284-4090-9BE7-FF57F3212F90}.Debug|Any CPU.ActiveCfg = Debug|Any CPU
		{72361B10-A284-4090-9BE7-FF57F3212F90}.Debug|Any CPU.Build.0 = Debug|Any CPU
		{72361B10-A284-4090-9BE7-FF57F3212F90}.Release|Any CPU.ActiveCfg = Release|Any CPU
		{72361B10-A284-4090-9BE7-FF57F3212F90}.Release|Any CPU.Build.0 = Release|Any CPU
		{7BC940D7-079C-4183-9F6C-C1FAF23964EE}.Debug|Any CPU.ActiveCfg = Debug|Any CPU
		{7BC940D7-079C-4183-9F6C-C1FAF23964EE}.Debug|Any CPU.Build.0 = Debug|Any CPU
		{7BC940D7-079C-4183-9F6C-C1FAF23964EE}.Release|Any CPU.ActiveCfg = Release|Any CPU
		{7BC940D7-079C-4183-9F6C-C1FAF23964EE}.Release|Any CPU.Build.0 = Release|Any CPU
	EndGlobalSection
	GlobalSection(SolutionProperties) = preSolution
		HideSolutionNode = FALSE
	EndGlobalSection
	GlobalSection(ExtensibilityGlobals) = postSolution
		SolutionGuid = {EC7273F9-DDC4-4751-B89E-F0047BEFFCE4}
	EndGlobalSection
EndGlobal
